
Microsoft Visual Studio Solution File, Format Version 12.00
# Visual Studio Version 17
VisualStudioVersion = 17.5.002.0
MinimumVisualStudioVersion = 10.0.40219.1
Project("{9A19103F-16F7-4668-BE54-9A1E7A4F7556}") = "MoleProject", "src\MoleProject.csproj", "{97163BA4-E22C-48EC-9EE8-704AF9493704}"
EndProject
Project("{9A19103F-16F7-4668-BE54-9A1E7A4F7556}") = "TestProject", "TestProject\TestProject.csproj", "{A33ECCDE-4399-42B1-B4D0-6F89E7139EB5}"
EndProject
Global
	GlobalSection(SolutionConfigurationPlatforms) = preSolution
		Debug|Any CPU = Debug|Any CPU
		Release|Any CPU = Release|Any CPU
	EndGlobalSection
	GlobalSection(ProjectConfigurationPlatforms) = postSolution
		{97163BA4-E22C-48EC-9EE8-704AF9493704}.Debug|Any CPU.ActiveCfg = Debug|Any CPU
		{97163BA4-E22C-48EC-9EE8-704AF9493704}.Debug|Any CPU.Build.0 = Debug|Any CPU
		{97163BA4-E22C-48EC-9EE8-704AF9493704}.Release|Any CPU.ActiveCfg = Release|Any CPU
		{97163BA4-E22C-48EC-9EE8-704AF9493704}.Release|Any CPU.Build.0 = Release|Any CPU
		{A33ECCDE-4399-42B1-B4D0-6F89E7139EB5}.Debug|Any CPU.ActiveCfg = Debug|Any CPU
		{A33ECCDE-4399-42B1-B4D0-6F89E7139EB5}.Debug|Any CPU.Build.0 = Debug|Any CPU
		{A33ECCDE-4399-42B1-B4D0-6F89E7139EB5}.Release|Any CPU.ActiveCfg = Release|Any CPU
		{A33ECCDE-4399-42B1-B4D0-6F89E7139EB5}.Release|Any CPU.Build.0 = Release|Any CPU
	EndGlobalSection
	GlobalSection(SolutionProperties) = preSolution
		HideSolutionNode = FALSE
	EndGlobalSection
	GlobalSection(ExtensibilityGlobals) = postSolution
		SolutionGuid = {C78FCC67-BDC8-458D-83B8-7F235D694A7E}
	EndGlobalSection
EndGlobal
