
Microsoft Visual Studio Solution File, Format Version 12.00
# Visual Studio Version 17
VisualStudioVersion = 17.5.002.0
MinimumVisualStudioVersion = 10.0.40219.1
Project("{9A19103F-16F7-4668-BE54-9A1E7A4F7556}") = "TestProject", "TestProject.csproj", "{17BA2541-BA9A-4E75-8DBE-25DEBDEBBA46}"
EndProject
Global
	GlobalSection(SolutionConfigurationPlatforms) = preSolution
		Debug|Any CPU = Debug|Any CPU
		Release|Any CPU = Release|Any CPU
	EndGlobalSection
	GlobalSection(ProjectConfigurationPlatforms) = postSolution
		{17BA2541-BA9A-4E75-8DBE-25DEBDEBBA46}.Debug|Any CPU.ActiveCfg = Debug|Any CPU
		{17BA2541-BA9A-4E75-8DBE-25DEBDEBBA46}.Debug|Any CPU.Build.0 = Debug|Any CPU
		{17BA2541-BA9A-4E75-8DBE-25DEBDEBBA46}.Release|Any CPU.ActiveCfg = Release|Any CPU
		{17BA2541-BA9A-4E75-8DBE-25DEBDEBBA46}.Release|Any CPU.Build.0 = Release|Any CPU
	EndGlobalSection
	GlobalSection(SolutionProperties) = preSolution
		HideSolutionNode = FALSE
	EndGlobalSection
	GlobalSection(ExtensibilityGlobals) = postSolution
		SolutionGuid = {27F8406A-B375-414C-9271-EBC041B6F0CC}
	EndGlobalSection
EndGlobal
